// !$*UTF8*$!
{
	archiveVersion = 1;
	classes = {
	};
	objectVersion = 56;
	objects = {

/* Begin PBXBuildFile section */
		9FA6213C29F8490C007FBFC5 /* EagleCollectiveApp.swift in Sources */ = {isa = PBXBuildFile; fileRef = 9FA6213B29F8490C007FBFC5 /* EagleCollectiveApp.swift */; };
		9FA6213E29F8490C007FBFC5 /* HomescreenView.swift in Sources */ = {isa = PBXBuildFile; fileRef = 9FA6213D29F8490C007FBFC5 /* HomescreenView.swift */; };
		9FA6214029F8490E007FBFC5 /* Assets.xcassets in Resources */ = {isa = PBXBuildFile; fileRef = 9FA6213F29F8490E007FBFC5 /* Assets.xcassets */; };
		9FA6214329F8490E007FBFC5 /* Preview Assets.xcassets in Resources */ = {isa = PBXBuildFile; fileRef = 9FA6214229F8490E007FBFC5 /* Preview Assets.xcassets */; };
		9FA6214A29F8550D007FBFC5 /* GoogleService-Info.plist in Resources */ = {isa = PBXBuildFile; fileRef = 9FA6214929F8550D007FBFC5 /* GoogleService-Info.plist */; };
		9FA6214D29F855D3007FBFC5 /* FirebaseAuth in Frameworks */ = {isa = PBXBuildFile; productRef = 9FA6214C29F855D3007FBFC5 /* FirebaseAuth */; };
		9FA6214F29F855D3007FBFC5 /* FirebaseFirestore in Frameworks */ = {isa = PBXBuildFile; productRef = 9FA6214E29F855D3007FBFC5 /* FirebaseFirestore */; };
		9FA6215129F855D3007FBFC5 /* FirebaseFirestoreSwift in Frameworks */ = {isa = PBXBuildFile; productRef = 9FA6215029F855D3007FBFC5 /* FirebaseFirestoreSwift */; };
		9FA6215329F855D3007FBFC5 /* FirebaseStorage in Frameworks */ = {isa = PBXBuildFile; productRef = 9FA6215229F855D3007FBFC5 /* FirebaseStorage */; };
		9FA6215529F85782007FBFC5 /* LoginView.swift in Sources */ = {isa = PBXBuildFile; fileRef = 9FA6215429F85782007FBFC5 /* LoginView.swift */; };
		9FA6215729F86E6D007FBFC5 /* SpotifyiOS.framework in Frameworks */ = {isa = PBXBuildFile; fileRef = 9FA6215629F86E6D007FBFC5 /* SpotifyiOS.framework */; };
		9FA6217F29F8E111007FBFC5 /* ArtistsListView.swift in Sources */ = {isa = PBXBuildFile; fileRef = 9FA6217E29F8E111007FBFC5 /* ArtistsListView.swift */; };
		9FA6218129F8E1E1007FBFC5 /* ArtistsViewModel.swift in Sources */ = {isa = PBXBuildFile; fileRef = 9FA6218029F8E1E1007FBFC5 /* ArtistsViewModel.swift */; };
		9FA6218329F9E31C007FBFC5 /* Artist.swift in Sources */ = {isa = PBXBuildFile; fileRef = 9FA6218229F9E31C007FBFC5 /* Artist.swift */; };
		9FA6218529F9E7CA007FBFC5 /* ArtistDetailView.swift in Sources */ = {isa = PBXBuildFile; fileRef = 9FA6218429F9E7CA007FBFC5 /* ArtistDetailView.swift */; };
		9FA6218729F9F4F2007FBFC5 /* AlbumCover.swift in Sources */ = {isa = PBXBuildFile; fileRef = 9FA6218629F9F4F2007FBFC5 /* AlbumCover.swift */; };
		9FA6218B29FA01EF007FBFC5 /* KeyViewModel.swift in Sources */ = {isa = PBXBuildFile; fileRef = 9FA6218A29FA01EF007FBFC5 /* KeyViewModel.swift */; };
		9FA6218D29FA6F91007FBFC5 /* AboutView.swift in Sources */ = {isa = PBXBuildFile; fileRef = 9FA6218C29FA6F91007FBFC5 /* AboutView.swift */; };
		9FA621A029FB62E3007FBFC5 /* SpotifyPlaylistView.swift in Sources */ = {isa = PBXBuildFile; fileRef = 9FA6219F29FB62E3007FBFC5 /* SpotifyPlaylistView.swift */; };
		9FA621A229FB6688007FBFC5 /* Concert.swift in Sources */ = {isa = PBXBuildFile; fileRef = 9FA621A129FB6688007FBFC5 /* Concert.swift */; };
		9FA621A429FB66CC007FBFC5 /* ConcertViewModel.swift in Sources */ = {isa = PBXBuildFile; fileRef = 9FA621A329FB66CC007FBFC5 /* ConcertViewModel.swift */; };
		9FA621A629FB6787007FBFC5 /* ConcertView.swift in Sources */ = {isa = PBXBuildFile; fileRef = 9FA621A529FB6787007FBFC5 /* ConcertView.swift */; };
/* End PBXBuildFile section */

/* Begin PBXFileReference section */
		9FA6213829F8490C007FBFC5 /* EagleCollective.app */ = {isa = PBXFileReference; explicitFileType = wrapper.application; includeInIndex = 0; path = EagleCollective.app; sourceTree = BUILT_PRODUCTS_DIR; };
		9FA6213B29F8490C007FBFC5 /* EagleCollectiveApp.swift */ = {isa = PBXFileReference; lastKnownFileType = sourcecode.swift; path = EagleCollectiveApp.swift; sourceTree = "<group>"; };
		9FA6213D29F8490C007FBFC5 /* HomescreenView.swift */ = {isa = PBXFileReference; lastKnownFileType = sourcecode.swift; path = HomescreenView.swift; sourceTree = "<group>"; };
		9FA6213F29F8490E007FBFC5 /* Assets.xcassets */ = {isa = PBXFileReference; lastKnownFileType = folder.assetcatalog; path = Assets.xcassets; sourceTree = "<group>"; };
		9FA6214229F8490E007FBFC5 /* Preview Assets.xcassets */ = {isa = PBXFileReference; lastKnownFileType = folder.assetcatalog; path = "Preview Assets.xcassets"; sourceTree = "<group>"; };
		9FA6214929F8550D007FBFC5 /* GoogleService-Info.plist */ = {isa = PBXFileReference; lastKnownFileType = text.plist; path = "GoogleService-Info.plist"; sourceTree = SOURCE_ROOT; };
		9FA6215429F85782007FBFC5 /* LoginView.swift */ = {isa = PBXFileReference; lastKnownFileType = sourcecode.swift; path = LoginView.swift; sourceTree = "<group>"; };
		9FA6215629F86E6D007FBFC5 /* SpotifyiOS.framework */ = {isa = PBXFileReference; lastKnownFileType = wrapper.framework; path = SpotifyiOS.framework; sourceTree = "<group>"; };
		9FA6217E29F8E111007FBFC5 /* ArtistsListView.swift */ = {isa = PBXFileReference; lastKnownFileType = sourcecode.swift; path = ArtistsListView.swift; sourceTree = "<group>"; };
		9FA6218029F8E1E1007FBFC5 /* ArtistsViewModel.swift */ = {isa = PBXFileReference; lastKnownFileType = sourcecode.swift; path = ArtistsViewModel.swift; sourceTree = "<group>"; };
		9FA6218229F9E31C007FBFC5 /* Artist.swift */ = {isa = PBXFileReference; lastKnownFileType = sourcecode.swift; path = Artist.swift; sourceTree = "<group>"; };
		9FA6218429F9E7CA007FBFC5 /* ArtistDetailView.swift */ = {isa = PBXFileReference; lastKnownFileType = sourcecode.swift; path = ArtistDetailView.swift; sourceTree = "<group>"; };
		9FA6218629F9F4F2007FBFC5 /* AlbumCover.swift */ = {isa = PBXFileReference; lastKnownFileType = sourcecode.swift; path = AlbumCover.swift; sourceTree = "<group>"; };
		9FA6218A29FA01EF007FBFC5 /* KeyViewModel.swift */ = {isa = PBXFileReference; lastKnownFileType = sourcecode.swift; path = KeyViewModel.swift; sourceTree = "<group>"; };
		9FA6218C29FA6F91007FBFC5 /* AboutView.swift */ = {isa = PBXFileReference; lastKnownFileType = sourcecode.swift; path = AboutView.swift; sourceTree = "<group>"; };
		9FA6218E29FA7828007FBFC5 /* Info.plist */ = {isa = PBXFileReference; lastKnownFileType = text.plist; path = Info.plist; sourceTree = "<group>"; };
		9FA6219F29FB62E3007FBFC5 /* SpotifyPlaylistView.swift */ = {isa = PBXFileReference; lastKnownFileType = sourcecode.swift; path = SpotifyPlaylistView.swift; sourceTree = "<group>"; };
		9FA621A129FB6688007FBFC5 /* Concert.swift */ = {isa = PBXFileReference; lastKnownFileType = sourcecode.swift; path = Concert.swift; sourceTree = "<group>"; };
		9FA621A329FB66CC007FBFC5 /* ConcertViewModel.swift */ = {isa = PBXFileReference; lastKnownFileType = sourcecode.swift; path = ConcertViewModel.swift; sourceTree = "<group>"; };
		9FA621A529FB6787007FBFC5 /* ConcertView.swift */ = {isa = PBXFileReference; lastKnownFileType = sourcecode.swift; path = ConcertView.swift; sourceTree = "<group>"; };
/* End PBXFileReference section */

/* Begin PBXFrameworksBuildPhase section */
		9FA6213529F8490C007FBFC5 /* Frameworks */ = {
			isa = PBXFrameworksBuildPhase;
			buildActionMask = 2147483647;
			files = (
				9FA6215729F86E6D007FBFC5 /* SpotifyiOS.framework in Frameworks */,
				9FA6214D29F855D3007FBFC5 /* FirebaseAuth in Frameworks */,
				9FA6215329F855D3007FBFC5 /* FirebaseStorage in Frameworks */,
				9FA6214F29F855D3007FBFC5 /* FirebaseFirestore in Frameworks */,
				9FA6215129F855D3007FBFC5 /* FirebaseFirestoreSwift in Frameworks */,
			);
			runOnlyForDeploymentPostprocessing = 0;
		};
/* End PBXFrameworksBuildPhase section */

/* Begin PBXGroup section */
		9FA6212F29F8490C007FBFC5 = {
			isa = PBXGroup;
			children = (
				9FA6213A29F8490C007FBFC5 /* EagleCollective */,
				9FA6213929F8490C007FBFC5 /* Products */,
			);
			sourceTree = "<group>";
		};
		9FA6213929F8490C007FBFC5 /* Products */ = {
			isa = PBXGroup;
			children = (
				9FA6213829F8490C007FBFC5 /* EagleCollective.app */,
			);
			name = Products;
			sourceTree = "<group>";
		};
		9FA6213A29F8490C007FBFC5 /* EagleCollective */ = {
			isa = PBXGroup;
			children = (
				9FA6218E29FA7828007FBFC5 /* Info.plist */,
				9FA6213B29F8490C007FBFC5 /* EagleCollectiveApp.swift */,
				9FC0F28829FC92A600A49538 /* MainScreens */,
				9FC0F27F29FC91FD00A49538 /* NewReleases */,
				9FC0F28229FC926800A49538 /* UpcomingConcerts */,
				9FC0F28329FC927900A49538 /* SpotifyPlaylist */,
				9FC0F28429FC928200A49538 /* Songs */,
				9FC0F28529FC928B00A49538 /* Artists */,
				9FC0F28629FC929400A49538 /* About */,
				9FA6218A29FA01EF007FBFC5 /* KeyViewModel.swift */,
				9FA6213F29F8490E007FBFC5 /* Assets.xcassets */,
				9FA6214929F8550D007FBFC5 /* GoogleService-Info.plist */,
				9FA6215629F86E6D007FBFC5 /* SpotifyiOS.framework */,
				9FA6214129F8490E007FBFC5 /* Preview Content */,
			);
			path = EagleCollective;
			sourceTree = "<group>";
		};
		9FA6214129F8490E007FBFC5 /* Preview Content */ = {
			isa = PBXGroup;
			children = (
				9FA6214229F8490E007FBFC5 /* Preview Assets.xcassets */,
			);
			path = "Preview Content";
			sourceTree = "<group>";
		};
		9FC0F27F29FC91FD00A49538 /* NewReleases */ = {
			isa = PBXGroup;
			children = (
			);
			path = NewReleases;
			sourceTree = "<group>";
		};
		9FC0F28229FC926800A49538 /* UpcomingConcerts */ = {
			isa = PBXGroup;
			children = (
				9FA621A129FB6688007FBFC5 /* Concert.swift */,
				9FA621A329FB66CC007FBFC5 /* ConcertViewModel.swift */,
				9FA621A529FB6787007FBFC5 /* ConcertView.swift */,
			);
			path = UpcomingConcerts;
			sourceTree = "<group>";
		};
		9FC0F28329FC927900A49538 /* SpotifyPlaylist */ = {
			isa = PBXGroup;
			children = (
				9FA6219F29FB62E3007FBFC5 /* SpotifyPlaylistView.swift */,
			);
			path = SpotifyPlaylist;
			sourceTree = "<group>";
		};
		9FC0F28429FC928200A49538 /* Songs */ = {
			isa = PBXGroup;
			children = (
			);
			path = Songs;
			sourceTree = "<group>";
		};
		9FC0F28529FC928B00A49538 /* Artists */ = {
			isa = PBXGroup;
			children = (
				9FA6218229F9E31C007FBFC5 /* Artist.swift */,
				9FA6218629F9F4F2007FBFC5 /* AlbumCover.swift */,
				9FA6218029F8E1E1007FBFC5 /* ArtistsViewModel.swift */,
				9FA6217E29F8E111007FBFC5 /* ArtistsListView.swift */,
				9FA6218429F9E7CA007FBFC5 /* ArtistDetailView.swift */,
			);
			path = Artists;
			sourceTree = "<group>";
		};
		9FC0F28629FC929400A49538 /* About */ = {
			isa = PBXGroup;
			children = (
				9FA6218C29FA6F91007FBFC5 /* AboutView.swift */,
			);
			path = About;
			sourceTree = "<group>";
		};
		9FC0F28829FC92A600A49538 /* MainScreens */ = {
			isa = PBXGroup;
			children = (
				9FA6215429F85782007FBFC5 /* LoginView.swift */,
				9FA6213D29F8490C007FBFC5 /* HomescreenView.swift */,
			);
			path = MainScreens;
			sourceTree = "<group>";
		};
/* End PBXGroup section */

/* Begin PBXNativeTarget section */
		9FA6213729F8490C007FBFC5 /* EagleCollective */ = {
			isa = PBXNativeTarget;
			buildConfigurationList = 9FA6214629F8490E007FBFC5 /* Build configuration list for PBXNativeTarget "EagleCollective" */;
			buildPhases = (
				9FA6213429F8490C007FBFC5 /* Sources */,
				9FA6213529F8490C007FBFC5 /* Frameworks */,
				9FA6213629F8490C007FBFC5 /* Resources */,
			);
			buildRules = (
			);
			dependencies = (
			);
			name = EagleCollective;
			packageProductDependencies = (
				9FA6214C29F855D3007FBFC5 /* FirebaseAuth */,
				9FA6214E29F855D3007FBFC5 /* FirebaseFirestore */,
				9FA6215029F855D3007FBFC5 /* FirebaseFirestoreSwift */,
				9FA6215229F855D3007FBFC5 /* FirebaseStorage */,
			);
			productName = EagleCollective;
			productReference = 9FA6213829F8490C007FBFC5 /* EagleCollective.app */;
			productType = "com.apple.product-type.application";
		};
/* End PBXNativeTarget section */

/* Begin PBXProject section */
		9FA6213029F8490C007FBFC5 /* Project object */ = {
			isa = PBXProject;
			attributes = {
				BuildIndependentTargetsInParallel = 1;
				LastSwiftUpdateCheck = 1430;
				LastUpgradeCheck = 1430;
				TargetAttributes = {
					9FA6213729F8490C007FBFC5 = {
						CreatedOnToolsVersion = 14.3;
					};
				};
			};
			buildConfigurationList = 9FA6213329F8490C007FBFC5 /* Build configuration list for PBXProject "EagleCollective" */;
			compatibilityVersion = "Xcode 14.0";
			developmentRegion = en;
			hasScannedForEncodings = 0;
			knownRegions = (
				en,
				Base,
			);
			mainGroup = 9FA6212F29F8490C007FBFC5;
			packageReferences = (
				9FA6214B29F855D3007FBFC5 /* XCRemoteSwiftPackageReference "firebase-ios-sdk" */,
			);
			productRefGroup = 9FA6213929F8490C007FBFC5 /* Products */;
			projectDirPath = "";
			projectRoot = "";
			targets = (
				9FA6213729F8490C007FBFC5 /* EagleCollective */,
			);
		};
/* End PBXProject section */

/* Begin PBXResourcesBuildPhase section */
		9FA6213629F8490C007FBFC5 /* Resources */ = {
			isa = PBXResourcesBuildPhase;
			buildActionMask = 2147483647;
			files = (
				9FA6214329F8490E007FBFC5 /* Preview Assets.xcassets in Resources */,
				9FA6214029F8490E007FBFC5 /* Assets.xcassets in Resources */,
				9FA6214A29F8550D007FBFC5 /* GoogleService-Info.plist in Resources */,
			);
			runOnlyForDeploymentPostprocessing = 0;
		};
/* End PBXResourcesBuildPhase section */

/* Begin PBXSourcesBuildPhase section */
		9FA6213429F8490C007FBFC5 /* Sources */ = {
			isa = PBXSourcesBuildPhase;
			buildActionMask = 2147483647;
			files = (
				9FA6218329F9E31C007FBFC5 /* Artist.swift in Sources */,
				9FA6218B29FA01EF007FBFC5 /* KeyViewModel.swift in Sources */,
				9FA621A429FB66CC007FBFC5 /* ConcertViewModel.swift in Sources */,
				9FA6218529F9E7CA007FBFC5 /* ArtistDetailView.swift in Sources */,
				9FA6215529F85782007FBFC5 /* LoginView.swift in Sources */,
				9FA6218D29FA6F91007FBFC5 /* AboutView.swift in Sources */,
				9FA6218729F9F4F2007FBFC5 /* AlbumCover.swift in Sources */,
				9FA6217F29F8E111007FBFC5 /* ArtistsListView.swift in Sources */,
				9FA621A629FB6787007FBFC5 /* ConcertView.swift in Sources */,
				9FA6218129F8E1E1007FBFC5 /* ArtistsViewModel.swift in Sources */,
				9FA621A229FB6688007FBFC5 /* Concert.swift in Sources */,
				9FA6213E29F8490C007FBFC5 /* HomescreenView.swift in Sources */,
				9FA6213C29F8490C007FBFC5 /* EagleCollectiveApp.swift in Sources */,
				9FA621A029FB62E3007FBFC5 /* SpotifyPlaylistView.swift in Sources */,
			);
			runOnlyForDeploymentPostprocessing = 0;
		};
/* End PBXSourcesBuildPhase section */

/* Begin XCBuildConfiguration section */
		9FA6214429F8490E007FBFC5 /* Debug */ = {
			isa = XCBuildConfiguration;
			buildSettings = {
				ALWAYS_SEARCH_USER_PATHS = NO;
				CLANG_ANALYZER_NONNULL = YES;
				CLANG_ANALYZER_NUMBER_OBJECT_CONVERSION = YES_AGGRESSIVE;
				CLANG_CXX_LANGUAGE_STANDARD = "gnu++20";
				CLANG_ENABLE_MODULES = YES;
				CLANG_ENABLE_OBJC_ARC = YES;
				CLANG_ENABLE_OBJC_WEAK = YES;
				CLANG_WARN_BLOCK_CAPTURE_AUTORELEASING = YES;
				CLANG_WARN_BOOL_CONVERSION = YES;
				CLANG_WARN_COMMA = YES;
				CLANG_WARN_CONSTANT_CONVERSION = YES;
				CLANG_WARN_DEPRECATED_OBJC_IMPLEMENTATIONS = YES;
				CLANG_WARN_DIRECT_OBJC_ISA_USAGE = YES_ERROR;
				CLANG_WARN_DOCUMENTATION_COMMENTS = YES;
				CLANG_WARN_EMPTY_BODY = YES;
				CLANG_WARN_ENUM_CONVERSION = YES;
				CLANG_WARN_INFINITE_RECURSION = YES;
				CLANG_WARN_INT_CONVERSION = YES;
				CLANG_WARN_NON_LITERAL_NULL_CONVERSION = YES;
				CLANG_WARN_OBJC_IMPLICIT_RETAIN_SELF = YES;
				CLANG_WARN_OBJC_LITERAL_CONVERSION = YES;
				CLANG_WARN_OBJC_ROOT_CLASS = YES_ERROR;
				CLANG_WARN_QUOTED_INCLUDE_IN_FRAMEWORK_HEADER = YES;
				CLANG_WARN_RANGE_LOOP_ANALYSIS = YES;
				CLANG_WARN_STRICT_PROTOTYPES = YES;
				CLANG_WARN_SUSPICIOUS_MOVE = YES;
				CLANG_WARN_UNGUARDED_AVAILABILITY = YES_AGGRESSIVE;
				CLANG_WARN_UNREACHABLE_CODE = YES;
				CLANG_WARN__DUPLICATE_METHOD_MATCH = YES;
				COPY_PHASE_STRIP = NO;
				DEBUG_INFORMATION_FORMAT = dwarf;
				ENABLE_STRICT_OBJC_MSGSEND = YES;
				ENABLE_TESTABILITY = YES;
				GCC_C_LANGUAGE_STANDARD = gnu11;
				GCC_DYNAMIC_NO_PIC = NO;
				GCC_NO_COMMON_BLOCKS = YES;
				GCC_OPTIMIZATION_LEVEL = 0;
				GCC_PREPROCESSOR_DEFINITIONS = (
					"DEBUG=1",
					"$(inherited)",
				);
				GCC_WARN_64_TO_32_BIT_CONVERSION = YES;
				GCC_WARN_ABOUT_RETURN_TYPE = YES_ERROR;
				GCC_WARN_UNDECLARED_SELECTOR = YES;
				GCC_WARN_UNINITIALIZED_AUTOS = YES_AGGRESSIVE;
				GCC_WARN_UNUSED_FUNCTION = YES;
				GCC_WARN_UNUSED_VARIABLE = YES;
				IPHONEOS_DEPLOYMENT_TARGET = 16.4;
				MTL_ENABLE_DEBUG_INFO = INCLUDE_SOURCE;
				MTL_FAST_MATH = YES;
				ONLY_ACTIVE_ARCH = YES;
				SDKROOT = iphoneos;
				SWIFT_ACTIVE_COMPILATION_CONDITIONS = DEBUG;
				SWIFT_OPTIMIZATION_LEVEL = "-Onone";
			};
			name = Debug;
		};
		9FA6214529F8490E007FBFC5 /* Release */ = {
			isa = XCBuildConfiguration;
			buildSettings = {
				ALWAYS_SEARCH_USER_PATHS = NO;
				CLANG_ANALYZER_NONNULL = YES;
				CLANG_ANALYZER_NUMBER_OBJECT_CONVERSION = YES_AGGRESSIVE;
				CLANG_CXX_LANGUAGE_STANDARD = "gnu++20";
				CLANG_ENABLE_MODULES = YES;
				CLANG_ENABLE_OBJC_ARC = YES;
				CLANG_ENABLE_OBJC_WEAK = YES;
				CLANG_WARN_BLOCK_CAPTURE_AUTORELEASING = YES;
				CLANG_WARN_BOOL_CONVERSION = YES;
				CLANG_WARN_COMMA = YES;
				CLANG_WARN_CONSTANT_CONVERSION = YES;
				CLANG_WARN_DEPRECATED_OBJC_IMPLEMENTATIONS = YES;
				CLANG_WARN_DIRECT_OBJC_ISA_USAGE = YES_ERROR;
				CLANG_WARN_DOCUMENTATION_COMMENTS = YES;
				CLANG_WARN_EMPTY_BODY = YES;
				CLANG_WARN_ENUM_CONVERSION = YES;
				CLANG_WARN_INFINITE_RECURSION = YES;
				CLANG_WARN_INT_CONVERSION = YES;
				CLANG_WARN_NON_LITERAL_NULL_CONVERSION = YES;
				CLANG_WARN_OBJC_IMPLICIT_RETAIN_SELF = YES;
				CLANG_WARN_OBJC_LITERAL_CONVERSION = YES;
				CLANG_WARN_OBJC_ROOT_CLASS = YES_ERROR;
				CLANG_WARN_QUOTED_INCLUDE_IN_FRAMEWORK_HEADER = YES;
				CLANG_WARN_RANGE_LOOP_ANALYSIS = YES;
				CLANG_WARN_STRICT_PROTOTYPES = YES;
				CLANG_WARN_SUSPICIOUS_MOVE = YES;
				CLANG_WARN_UNGUARDED_AVAILABILITY = YES_AGGRESSIVE;
				CLANG_WARN_UNREACHABLE_CODE = YES;
				CLANG_WARN__DUPLICATE_METHOD_MATCH = YES;
				COPY_PHASE_STRIP = NO;
				DEBUG_INFORMATION_FORMAT = "dwarf-with-dsym";
				ENABLE_NS_ASSERTIONS = NO;
				ENABLE_STRICT_OBJC_MSGSEND = YES;
				GCC_C_LANGUAGE_STANDARD = gnu11;
				GCC_NO_COMMON_BLOCKS = YES;
				GCC_WARN_64_TO_32_BIT_CONVERSION = YES;
				GCC_WARN_ABOUT_RETURN_TYPE = YES_ERROR;
				GCC_WARN_UNDECLARED_SELECTOR = YES;
				GCC_WARN_UNINITIALIZED_AUTOS = YES_AGGRESSIVE;
				GCC_WARN_UNUSED_FUNCTION = YES;
				GCC_WARN_UNUSED_VARIABLE = YES;
				IPHONEOS_DEPLOYMENT_TARGET = 16.4;
				MTL_ENABLE_DEBUG_INFO = NO;
				MTL_FAST_MATH = YES;
				SDKROOT = iphoneos;
				SWIFT_COMPILATION_MODE = wholemodule;
				SWIFT_OPTIMIZATION_LEVEL = "-O";
				VALIDATE_PRODUCT = YES;
			};
			name = Release;
		};
		9FA6214729F8490E007FBFC5 /* Debug */ = {
			isa = XCBuildConfiguration;
			buildSettings = {
				ASSETCATALOG_COMPILER_APPICON_NAME = AppIcon;
				ASSETCATALOG_COMPILER_GLOBAL_ACCENT_COLOR_NAME = AccentColor;
				CODE_SIGN_STYLE = Automatic;
				CURRENT_PROJECT_VERSION = 1;
				DEVELOPMENT_ASSET_PATHS = "\"EagleCollective/Preview Content\"";
				DEVELOPMENT_TEAM = 26C7X3T9YG;
				ENABLE_PREVIEWS = YES;
				FRAMEWORK_SEARCH_PATHS = (
					"$(inherited)",
					"$(PROJECT_DIR)/EagleCollective",
				);
				GENERATE_INFOPLIST_FILE = YES;
				INFOPLIST_FILE = EagleCollective/Info.plist;
				INFOPLIST_KEY_UIApplicationSceneManifest_Generation = YES;
				INFOPLIST_KEY_UIApplicationSupportsIndirectInputEvents = YES;
				INFOPLIST_KEY_UISupportedInterfaceOrientations_iPad = "UIInterfaceOrientationPortrait UIInterfaceOrientationPortraitUpsideDown UIInterfaceOrientationLandscapeLeft UIInterfaceOrientationLandscapeRight";
				INFOPLIST_KEY_UISupportedInterfaceOrientations_iPhone = "UIInterfaceOrientationPortrait UIInterfaceOrientationLandscapeLeft UIInterfaceOrientationLandscapeRight";
				IPHONEOS_DEPLOYMENT_TARGET = 16.0;
				LD_RUNPATH_SEARCH_PATHS = (
					"$(inherited)",
					"@executable_path/Frameworks",
				);
				MARKETING_VERSION = 1.0;
				PRODUCT_BUNDLE_IDENTIFIER = com.ohzeyy.EagleCollective;
				PRODUCT_NAME = "$(TARGET_NAME)";
				SWIFT_EMIT_LOC_STRINGS = YES;
				SWIFT_VERSION = 5.0;
				TARGETED_DEVICE_FAMILY = "1,2";
			};
			name = Debug;
		};
		9FA6214829F8490E007FBFC5 /* Release */ = {
			isa = XCBuildConfiguration;
			buildSettings = {
				ASSETCATALOG_COMPILER_APPICON_NAME = AppIcon;
				ASSETCATALOG_COMPILER_GLOBAL_ACCENT_COLOR_NAME = AccentColor;
				CODE_SIGN_STYLE = Automatic;
				CURRENT_PROJECT_VERSION = 1;
				DEVELOPMENT_ASSET_PATHS = "\"EagleCollective/Preview Content\"";
				DEVELOPMENT_TEAM = 26C7X3T9YG;
				ENABLE_PREVIEWS = YES;
				FRAMEWORK_SEARCH_PATHS = (
					"$(inherited)",
					"$(PROJECT_DIR)/EagleCollective",
				);
				GENERATE_INFOPLIST_FILE = YES;
				INFOPLIST_FILE = EagleCollective/Info.plist;
				INFOPLIST_KEY_UIApplicationSceneManifest_Generation = YES;
				INFOPLIST_KEY_UIApplicationSupportsIndirectInputEvents = YES;
				INFOPLIST_KEY_UISupportedInterfaceOrientations_iPad = "UIInterfaceOrientationPortrait UIInterfaceOrientationPortraitUpsideDown UIInterfaceOrientationLandscapeLeft UIInterfaceOrientationLandscapeRight";
				INFOPLIST_KEY_UISupportedInterfaceOrientations_iPhone = "UIInterfaceOrientationPortrait UIInterfaceOrientationLandscapeLeft UIInterfaceOrientationLandscapeRight";
				IPHONEOS_DEPLOYMENT_TARGET = 16.0;
				LD_RUNPATH_SEARCH_PATHS = (
					"$(inherited)",
					"@executable_path/Frameworks",
				);
				MARKETING_VERSION = 1.0;
				PRODUCT_BUNDLE_IDENTIFIER = com.ohzeyy.EagleCollective;
				PRODUCT_NAME = "$(TARGET_NAME)";
				SWIFT_EMIT_LOC_STRINGS = YES;
				SWIFT_VERSION = 5.0;
				TARGETED_DEVICE_FAMILY = "1,2";
			};
			name = Release;
		};
/* End XCBuildConfiguration section */

/* Begin XCConfigurationList section */
		9FA6213329F8490C007FBFC5 /* Build configuration list for PBXProject "EagleCollective" */ = {
			isa = XCConfigurationList;
			buildConfigurations = (
				9FA6214429F8490E007FBFC5 /* Debug */,
				9FA6214529F8490E007FBFC5 /* Release */,
			);
			defaultConfigurationIsVisible = 0;
			defaultConfigurationName = Release;
		};
		9FA6214629F8490E007FBFC5 /* Build configuration list for PBXNativeTarget "EagleCollective" */ = {
			isa = XCConfigurationList;
			buildConfigurations = (
				9FA6214729F8490E007FBFC5 /* Debug */,
				9FA6214829F8490E007FBFC5 /* Release */,
			);
			defaultConfigurationIsVisible = 0;
			defaultConfigurationName = Release;
		};
/* End XCConfigurationList section */

/* Begin XCRemoteSwiftPackageReference section */
		9FA6214B29F855D3007FBFC5 /* XCRemoteSwiftPackageReference "firebase-ios-sdk" */ = {
			isa = XCRemoteSwiftPackageReference;
			repositoryURL = "https://github.com/firebase/firebase-ios-sdk.git";
			requirement = {
				kind = upToNextMajorVersion;
				minimumVersion = 10.0.0;
			};
		};
/* End XCRemoteSwiftPackageReference section */

/* Begin XCSwiftPackageProductDependency section */
		9FA6214C29F855D3007FBFC5 /* FirebaseAuth */ = {
			isa = XCSwiftPackageProductDependency;
			package = 9FA6214B29F855D3007FBFC5 /* XCRemoteSwiftPackageReference "firebase-ios-sdk" */;
			productName = FirebaseAuth;
		};
		9FA6214E29F855D3007FBFC5 /* FirebaseFirestore */ = {
			isa = XCSwiftPackageProductDependency;
			package = 9FA6214B29F855D3007FBFC5 /* XCRemoteSwiftPackageReference "firebase-ios-sdk" */;
			productName = FirebaseFirestore;
		};
		9FA6215029F855D3007FBFC5 /* FirebaseFirestoreSwift */ = {
			isa = XCSwiftPackageProductDependency;
			package = 9FA6214B29F855D3007FBFC5 /* XCRemoteSwiftPackageReference "firebase-ios-sdk" */;
			productName = FirebaseFirestoreSwift;
		};
		9FA6215229F855D3007FBFC5 /* FirebaseStorage */ = {
			isa = XCSwiftPackageProductDependency;
			package = 9FA6214B29F855D3007FBFC5 /* XCRemoteSwiftPackageReference "firebase-ios-sdk" */;
			productName = FirebaseStorage;
		};
/* End XCSwiftPackageProductDependency section */
	};
	rootObject = 9FA6213029F8490C007FBFC5 /* Project object */;
}
